
Microsoft Visual Studio Solution File, Format Version 12.00
# Visual Studio Version 17
VisualStudioVersion = 17.13.35825.156
MinimumVisualStudioVersion = 10.0.40219.1
Project("{2150E333-8FDC-42A3-9474-1A3956D46DE8}") = "ApiGateway", "ApiGateway", "{02EA681E-C7D8-13C7-8484-4AC65E1B71E8}"
EndProject
Project("{2150E333-8FDC-42A3-9474-1A3956D46DE8}") = "BuildingBlocks", "BuildingBlocks", "{0840BAEE-0007-4CC5-81B9-3A6D7F70E77F}"
EndProject
Project("{2150E333-8FDC-42A3-9474-1A3956D46DE8}") = "Services", "Services", "{248938DB-0885-4F0B-98BB-51652A8B6ACE}"
EndProject
Project("{2150E333-8FDC-42A3-9474-1A3956D46DE8}") = "RewardWorker", "RewardWorker", "{E4D231DB-3C67-4F81-971E-A1174352C9FD}"
EndProject
Project("{2150E333-8FDC-42A3-9474-1A3956D46DE8}") = "JourneyService", "JourneyService", "{AF5C90A3-B03D-4A2B-A118-0D0C39CC6BE4}"
EndProject
Project("{2150E333-8FDC-42A3-9474-1A3956D46DE8}") = "NotificationService", "NotificationService", "{04175DF1-17F6-4909-A81D-54BDB4E2661C}"
EndProject
Project("{FAE04EC0-301F-11D3-BF4B-00C04F79EFBC}") = "Journey.API", "Services\JourneyService\Journey.API\Journey.API.csproj", "{D9AF6DEE-E262-4EBD-95B4-76DD1D15CADA}"
EndProject
Project("{FAE04EC0-301F-11D3-BF4B-00C04F79EFBC}") = "BuildingBlocks", "BuildingBlocks\BuildingBlocks\BuildingBlocks.csproj", "{1358FF68-E2C5-4AF3-ABE9-7F6E2A471137}"
EndProject
Project("{FAE04EC0-301F-11D3-BF4B-00C04F79EFBC}") = "Journey.Domain", "Services\JourneyService\Journey.Domain\Journey.Domain.csproj", "{C42E2CA0-DDEA-4D58-A09A-2BCB7F4D3134}"
EndProject
Project("{FAE04EC0-301F-11D3-BF4B-00C04F79EFBC}") = "Journey.Application", "Services\JourneyService\Journey.Application\Journey.Application.csproj", "{0D508473-70E0-4F33-A884-2766B8D80E26}"
EndProject
Project("{FAE04EC0-301F-11D3-BF4B-00C04F79EFBC}") = "Journey.Infrastructure", "Journey.Infrastructure\Journey.Infrastructure.csproj", "{1FC155EA-3DF4-42AE-A018-F3E22C7676D6}"
EndProject
Project("{E53339B2-1760-4266-BCC7-CA923CBCF16C}") = "docker-compose", "docker-compose.dcproj", "{81DDED9D-158B-E303-5F62-77A2896D2A5A}"
EndProject
Global
	GlobalSection(SolutionConfigurationPlatforms) = preSolution
		Debug|Any CPU = Debug|Any CPU
		Release|Any CPU = Release|Any CPU
	EndGlobalSection
	GlobalSection(ProjectConfigurationPlatforms) = postSolution
		{D9AF6DEE-E262-4EBD-95B4-76DD1D15CADA}.Debug|Any CPU.ActiveCfg = Debug|Any CPU
		{D9AF6DEE-E262-4EBD-95B4-76DD1D15CADA}.Debug|Any CPU.Build.0 = Debug|Any CPU
		{D9AF6DEE-E262-4EBD-95B4-76DD1D15CADA}.Release|Any CPU.ActiveCfg = Release|Any CPU
		{D9AF6DEE-E262-4EBD-95B4-76DD1D15CADA}.Release|Any CPU.Build.0 = Release|Any CPU
		{1358FF68-E2C5-4AF3-ABE9-7F6E2A471137}.Debug|Any CPU.ActiveCfg = Debug|Any CPU
		{1358FF68-E2C5-4AF3-ABE9-7F6E2A471137}.Debug|Any CPU.Build.0 = Debug|Any CPU
		{1358FF68-E2C5-4AF3-ABE9-7F6E2A471137}.Release|Any CPU.ActiveCfg = Release|Any CPU
		{1358FF68-E2C5-4AF3-ABE9-7F6E2A471137}.Release|Any CPU.Build.0 = Release|Any CPU
		{C42E2CA0-DDEA-4D58-A09A-2BCB7F4D3134}.Debug|Any CPU.ActiveCfg = Debug|Any CPU
		{C42E2CA0-DDEA-4D58-A09A-2BCB7F4D3134}.Debug|Any CPU.Build.0 = Debug|Any CPU
		{C42E2CA0-DDEA-4D58-A09A-2BCB7F4D3134}.Release|Any CPU.ActiveCfg = Release|Any CPU
		{C42E2CA0-DDEA-4D58-A09A-2BCB7F4D3134}.Release|Any CPU.Build.0 = Release|Any CPU
		{0D508473-70E0-4F33-A884-2766B8D80E26}.Debug|Any CPU.ActiveCfg = Debug|Any CPU
		{0D508473-70E0-4F33-A884-2766B8D80E26}.Debug|Any CPU.Build.0 = Debug|Any CPU
		{0D508473-70E0-4F33-A884-2766B8D80E26}.Release|Any CPU.ActiveCfg = Release|Any CPU
		{0D508473-70E0-4F33-A884-2766B8D80E26}.Release|Any CPU.Build.0 = Release|Any CPU
		{1FC155EA-3DF4-42AE-A018-F3E22C7676D6}.Debug|Any CPU.ActiveCfg = Debug|Any CPU
		{1FC155EA-3DF4-42AE-A018-F3E22C7676D6}.Debug|Any CPU.Build.0 = Debug|Any CPU
		{1FC155EA-3DF4-42AE-A018-F3E22C7676D6}.Release|Any CPU.ActiveCfg = Release|Any CPU
		{1FC155EA-3DF4-42AE-A018-F3E22C7676D6}.Release|Any CPU.Build.0 = Release|Any CPU
		{81DDED9D-158B-E303-5F62-77A2896D2A5A}.Debug|Any CPU.ActiveCfg = Debug|Any CPU
		{81DDED9D-158B-E303-5F62-77A2896D2A5A}.Debug|Any CPU.Build.0 = Debug|Any CPU
		{81DDED9D-158B-E303-5F62-77A2896D2A5A}.Release|Any CPU.ActiveCfg = Release|Any CPU
		{81DDED9D-158B-E303-5F62-77A2896D2A5A}.Release|Any CPU.Build.0 = Release|Any CPU
	EndGlobalSection
	GlobalSection(SolutionProperties) = preSolution
		HideSolutionNode = FALSE
	EndGlobalSection
	GlobalSection(NestedProjects) = preSolution
		{E4D231DB-3C67-4F81-971E-A1174352C9FD} = {248938DB-0885-4F0B-98BB-51652A8B6ACE}
		{AF5C90A3-B03D-4A2B-A118-0D0C39CC6BE4} = {248938DB-0885-4F0B-98BB-51652A8B6ACE}
		{04175DF1-17F6-4909-A81D-54BDB4E2661C} = {248938DB-0885-4F0B-98BB-51652A8B6ACE}
		{D9AF6DEE-E262-4EBD-95B4-76DD1D15CADA} = {AF5C90A3-B03D-4A2B-A118-0D0C39CC6BE4}
		{1358FF68-E2C5-4AF3-ABE9-7F6E2A471137} = {0840BAEE-0007-4CC5-81B9-3A6D7F70E77F}
		{C42E2CA0-DDEA-4D58-A09A-2BCB7F4D3134} = {AF5C90A3-B03D-4A2B-A118-0D0C39CC6BE4}
		{0D508473-70E0-4F33-A884-2766B8D80E26} = {AF5C90A3-B03D-4A2B-A118-0D0C39CC6BE4}
		{1FC155EA-3DF4-42AE-A018-F3E22C7676D6} = {AF5C90A3-B03D-4A2B-A118-0D0C39CC6BE4}
	EndGlobalSection
	GlobalSection(ExtensibilityGlobals) = postSolution
		SolutionGuid = {972294E6-2BA8-4041-8B36-D12E16CA0A25}
	EndGlobalSection
EndGlobal
